
Microsoft Visual Studio Solution File, Format Version 12.00
# Visual Studio Version 16
VisualStudioVersion = 16.0.31424.327
MinimumVisualStudioVersion = 10.0.40219.1
Project("{FAE04EC0-301F-11D3-BF4B-00C04F79EFBC}") = "Lab3_2", "Lab3_2\Lab3_2.csproj", "{9CFEA886-5B2C-4207-8A10-58B67748020C}"
EndProject
Global
	GlobalSection(SolutionConfigurationPlatforms) = preSolution
		Debug|Any CPU = Debug|Any CPU
		Release|Any CPU = Release|Any CPU
	EndGlobalSection
	GlobalSection(ProjectConfigurationPlatforms) = postSolution
		{9CFEA886-5B2C-4207-8A10-58B67748020C}.Debug|Any CPU.ActiveCfg = Debug|Any CPU
		{9CFEA886-5B2C-4207-8A10-58B67748020C}.Debug|Any CPU.Build.0 = Debug|Any CPU
		{9CFEA886-5B2C-4207-8A10-58B67748020C}.Release|Any CPU.ActiveCfg = Release|Any CPU
		{9CFEA886-5B2C-4207-8A10-58B67748020C}.Release|Any CPU.Build.0 = Release|Any CPU
	EndGlobalSection
	GlobalSection(SolutionProperties) = preSolution
		HideSolutionNode = FALSE
	EndGlobalSection
	GlobalSection(ExtensibilityGlobals) = postSolution
		SolutionGuid = {12FB6642-01D3-418C-9414-D4544B64455E}
	EndGlobalSection
EndGlobal
